
Microsoft Visual Studio Solution File, Format Version 12.00
# Visual Studio 14
VisualStudioVersion = 14.0.25420.1
MinimumVisualStudioVersion = 10.0.40219.1
Project("{FAE04EC0-301F-11D3-BF4B-00C04F79EFBC}") = "Banking.Web", "Banking.Web\Banking.Web.csproj", "{2407B5CB-8FF6-4F1E-977B-2893A3DA91EA}"
EndProject
Project("{FAE04EC0-301F-11D3-BF4B-00C04F79EFBC}") = "Banking.Data", "Banking.Data\Banking.Data.csproj", "{B8E627A2-5528-4EA4-82C9-2AC111CBFE68}"
EndProject
Project("{FAE04EC0-301F-11D3-BF4B-00C04F79EFBC}") = "Banking.Service", "Banking.Service\Banking.Service.csproj", "{9D2A9D28-97EA-4077-A2C0-655C8C412297}"
EndProject
Project("{FAE04EC0-301F-11D3-BF4B-00C04F79EFBC}") = "Banking.Model", "Banking.Model\Banking.Model.csproj", "{4899AED9-2CBD-4D4F-9321-6D715217A36A}"
EndProject
Project("{FAE04EC0-301F-11D3-BF4B-00C04F79EFBC}") = "Banking.Tests", "Banking.Tests\Banking.Tests.csproj", "{32BCD114-8DE7-4B01-93DC-62AA9D289F3A}"
EndProject
Global
	GlobalSection(SolutionConfigurationPlatforms) = preSolution
		Debug|Any CPU = Debug|Any CPU
		Release|Any CPU = Release|Any CPU
	EndGlobalSection
	GlobalSection(ProjectConfigurationPlatforms) = postSolution
		{2407B5CB-8FF6-4F1E-977B-2893A3DA91EA}.Debug|Any CPU.ActiveCfg = Debug|Any CPU
		{2407B5CB-8FF6-4F1E-977B-2893A3DA91EA}.Debug|Any CPU.Build.0 = Debug|Any CPU
		{2407B5CB-8FF6-4F1E-977B-2893A3DA91EA}.Release|Any CPU.ActiveCfg = Release|Any CPU
		{2407B5CB-8FF6-4F1E-977B-2893A3DA91EA}.Release|Any CPU.Build.0 = Release|Any CPU
		{B8E627A2-5528-4EA4-82C9-2AC111CBFE68}.Debug|Any CPU.ActiveCfg = Debug|Any CPU
		{B8E627A2-5528-4EA4-82C9-2AC111CBFE68}.Debug|Any CPU.Build.0 = Debug|Any CPU
		{B8E627A2-5528-4EA4-82C9-2AC111CBFE68}.Release|Any CPU.ActiveCfg = Release|Any CPU
		{B8E627A2-5528-4EA4-82C9-2AC111CBFE68}.Release|Any CPU.Build.0 = Release|Any CPU
		{9D2A9D28-97EA-4077-A2C0-655C8C412297}.Debug|Any CPU.ActiveCfg = Debug|Any CPU
		{9D2A9D28-97EA-4077-A2C0-655C8C412297}.Debug|Any CPU.Build.0 = Debug|Any CPU
		{9D2A9D28-97EA-4077-A2C0-655C8C412297}.Release|Any CPU.ActiveCfg = Release|Any CPU
		{9D2A9D28-97EA-4077-A2C0-655C8C412297}.Release|Any CPU.Build.0 = Release|Any CPU
		{4899AED9-2CBD-4D4F-9321-6D715217A36A}.Debug|Any CPU.ActiveCfg = Debug|Any CPU
		{4899AED9-2CBD-4D4F-9321-6D715217A36A}.Debug|Any CPU.Build.0 = Debug|Any CPU
		{4899AED9-2CBD-4D4F-9321-6D715217A36A}.Release|Any CPU.ActiveCfg = Release|Any CPU
		{4899AED9-2CBD-4D4F-9321-6D715217A36A}.Release|Any CPU.Build.0 = Release|Any CPU
		{32BCD114-8DE7-4B01-93DC-62AA9D289F3A}.Debug|Any CPU.ActiveCfg = Debug|Any CPU
		{32BCD114-8DE7-4B01-93DC-62AA9D289F3A}.Debug|Any CPU.Build.0 = Debug|Any CPU
		{32BCD114-8DE7-4B01-93DC-62AA9D289F3A}.Release|Any CPU.ActiveCfg = Release|Any CPU
		{32BCD114-8DE7-4B01-93DC-62AA9D289F3A}.Release|Any CPU.Build.0 = Release|Any CPU
	EndGlobalSection
	GlobalSection(SolutionProperties) = preSolution
		HideSolutionNode = FALSE
	EndGlobalSection
EndGlobal
